
Microsoft Visual Studio Solution File, Format Version 12.00
# Visual Studio Version 17
VisualStudioVersion = 17.12.35707.178
MinimumVisualStudioVersion = 10.0.40219.1
Project("{2150E333-8FDC-42A3-9474-1A3956D46DE8}") = "AppForSN.backend", "AppForSN.backend", "{0E32F894-8EA4-4CF8-B4F3-FDB253DE7F9D}"
EndProject
Project("{FAE04EC0-301F-11D3-BF4B-00C04F79EFBC}") = "DTC.API", "DTC.API\DTC.API.csproj", "{AFA8B0BD-8D85-4344-BE3C-7DEE2FEDEB79}"
EndProject
Project("{FAE04EC0-301F-11D3-BF4B-00C04F79EFBC}") = "DTC.Domain", "DTC.Domain\DTC.Domain.csproj", "{F5A8A6AF-EECA-43FD-A68B-E8294413FEDC}"
EndProject
Project("{FAE04EC0-301F-11D3-BF4B-00C04F79EFBC}") = "DTC.Application", "DTC.Application\DTC.Application.csproj", "{7E33ECA7-A31B-43EA-AA81-477C9E10BD31}"
EndProject
Project("{FAE04EC0-301F-11D3-BF4B-00C04F79EFBC}") = "DTC.Infrastructure", "DTC.Infrastructure\DTC.Infrastructure.csproj", "{B11D3B2E-847B-4D12-8E48-52D3836F57A7}"
EndProject
Project("{FAE04EC0-301F-11D3-BF4B-00C04F79EFBC}") = "DTC.Shared", "DTC.Shared\DTC.Shared.csproj", "{4F1F55A2-CD23-4162-931F-C27CAA5AB596}"
EndProject
Project("{2150E333-8FDC-42A3-9474-1A3956D46DE8}") = "tests", "tests", "{B38B5BFB-7BFB-4846-AF0E-4165469B165A}"
EndProject
Project("{FAE04EC0-301F-11D3-BF4B-00C04F79EFBC}") = "DTC.Tests", "DTC.Tests\DTC.Tests.csproj", "{9FDE526E-9CB8-4645-9A45-837121C282A2}"
EndProject
Project("{FAE04EC0-301F-11D3-BF4B-00C04F79EFBC}") = "AppForSNForUsers", "AppForSN\AppForSNForUsers.csproj", "{503FC465-5DB7-4F47-954F-715A4F97D593}"
EndProject
Global
	GlobalSection(SolutionConfigurationPlatforms) = preSolution
		Debug|Any CPU = Debug|Any CPU
		Release|Any CPU = Release|Any CPU
	EndGlobalSection
	GlobalSection(ProjectConfigurationPlatforms) = postSolution
		{AFA8B0BD-8D85-4344-BE3C-7DEE2FEDEB79}.Debug|Any CPU.ActiveCfg = Debug|Any CPU
		{AFA8B0BD-8D85-4344-BE3C-7DEE2FEDEB79}.Debug|Any CPU.Build.0 = Debug|Any CPU
		{AFA8B0BD-8D85-4344-BE3C-7DEE2FEDEB79}.Release|Any CPU.ActiveCfg = Release|Any CPU
		{AFA8B0BD-8D85-4344-BE3C-7DEE2FEDEB79}.Release|Any CPU.Build.0 = Release|Any CPU
		{F5A8A6AF-EECA-43FD-A68B-E8294413FEDC}.Debug|Any CPU.ActiveCfg = Debug|Any CPU
		{F5A8A6AF-EECA-43FD-A68B-E8294413FEDC}.Debug|Any CPU.Build.0 = Debug|Any CPU
		{F5A8A6AF-EECA-43FD-A68B-E8294413FEDC}.Release|Any CPU.ActiveCfg = Release|Any CPU
		{F5A8A6AF-EECA-43FD-A68B-E8294413FEDC}.Release|Any CPU.Build.0 = Release|Any CPU
		{7E33ECA7-A31B-43EA-AA81-477C9E10BD31}.Debug|Any CPU.ActiveCfg = Debug|Any CPU
		{7E33ECA7-A31B-43EA-AA81-477C9E10BD31}.Debug|Any CPU.Build.0 = Debug|Any CPU
		{7E33ECA7-A31B-43EA-AA81-477C9E10BD31}.Release|Any CPU.ActiveCfg = Release|Any CPU
		{7E33ECA7-A31B-43EA-AA81-477C9E10BD31}.Release|Any CPU.Build.0 = Release|Any CPU
		{B11D3B2E-847B-4D12-8E48-52D3836F57A7}.Debug|Any CPU.ActiveCfg = Debug|Any CPU
		{B11D3B2E-847B-4D12-8E48-52D3836F57A7}.Debug|Any CPU.Build.0 = Debug|Any CPU
		{B11D3B2E-847B-4D12-8E48-52D3836F57A7}.Release|Any CPU.ActiveCfg = Release|Any CPU
		{B11D3B2E-847B-4D12-8E48-52D3836F57A7}.Release|Any CPU.Build.0 = Release|Any CPU
		{4F1F55A2-CD23-4162-931F-C27CAA5AB596}.Debug|Any CPU.ActiveCfg = Debug|Any CPU
		{4F1F55A2-CD23-4162-931F-C27CAA5AB596}.Debug|Any CPU.Build.0 = Debug|Any CPU
		{4F1F55A2-CD23-4162-931F-C27CAA5AB596}.Release|Any CPU.ActiveCfg = Release|Any CPU
		{4F1F55A2-CD23-4162-931F-C27CAA5AB596}.Release|Any CPU.Build.0 = Release|Any CPU
		{9FDE526E-9CB8-4645-9A45-837121C282A2}.Debug|Any CPU.ActiveCfg = Debug|Any CPU
		{9FDE526E-9CB8-4645-9A45-837121C282A2}.Debug|Any CPU.Build.0 = Debug|Any CPU
		{9FDE526E-9CB8-4645-9A45-837121C282A2}.Release|Any CPU.ActiveCfg = Release|Any CPU
		{9FDE526E-9CB8-4645-9A45-837121C282A2}.Release|Any CPU.Build.0 = Release|Any CPU
		{503FC465-5DB7-4F47-954F-715A4F97D593}.Debug|Any CPU.ActiveCfg = Debug|Any CPU
		{503FC465-5DB7-4F47-954F-715A4F97D593}.Debug|Any CPU.Build.0 = Debug|Any CPU
		{503FC465-5DB7-4F47-954F-715A4F97D593}.Release|Any CPU.ActiveCfg = Release|Any CPU
		{503FC465-5DB7-4F47-954F-715A4F97D593}.Release|Any CPU.Build.0 = Release|Any CPU
	EndGlobalSection
	GlobalSection(SolutionProperties) = preSolution
		HideSolutionNode = FALSE
	EndGlobalSection
	GlobalSection(NestedProjects) = preSolution
		{AFA8B0BD-8D85-4344-BE3C-7DEE2FEDEB79} = {0E32F894-8EA4-4CF8-B4F3-FDB253DE7F9D}
		{F5A8A6AF-EECA-43FD-A68B-E8294413FEDC} = {0E32F894-8EA4-4CF8-B4F3-FDB253DE7F9D}
		{7E33ECA7-A31B-43EA-AA81-477C9E10BD31} = {0E32F894-8EA4-4CF8-B4F3-FDB253DE7F9D}
		{B11D3B2E-847B-4D12-8E48-52D3836F57A7} = {0E32F894-8EA4-4CF8-B4F3-FDB253DE7F9D}
		{4F1F55A2-CD23-4162-931F-C27CAA5AB596} = {0E32F894-8EA4-4CF8-B4F3-FDB253DE7F9D}
		{9FDE526E-9CB8-4645-9A45-837121C282A2} = {B38B5BFB-7BFB-4846-AF0E-4165469B165A}
	EndGlobalSection
	GlobalSection(ExtensibilityGlobals) = postSolution
		SolutionGuid = {EE41EAB5-4626-46ED-8A73-AB98E1BDAE54}
	EndGlobalSection
EndGlobal
